
Microsoft Visual Studio Solution File, Format Version 12.00
# Visual Studio Version 17
VisualStudioVersion = 17.9.34902.65
MinimumVisualStudioVersion = 10.0.40219.1
Project("{FAE04EC0-301F-11D3-BF4B-00C04F79EFBC}") = "SistemaGestionUI", "SistemaGestionUI.csproj", "{DCE81154-FCB0-47C5-9A28-C633BBF463EE}"
EndProject
Project("{FAE04EC0-301F-11D3-BF4B-00C04F79EFBC}") = "SistemaGestionEntities", "..\SistemaGestionEntities\SistemaGestionEntities.csproj", "{818365E1-298D-4EFB-ACDC-B78470E280A8}"
EndProject
Project("{FAE04EC0-301F-11D3-BF4B-00C04F79EFBC}") = "SistemaGestionData", "..\SistemaGestionData\SistemaGestionData.csproj", "{D42CD538-AA3D-46B6-B6B1-3A8B36E72FE4}"
EndProject
Project("{FAE04EC0-301F-11D3-BF4B-00C04F79EFBC}") = "SistemaGestionBussiness", "..\SistemaGestionBussiness\SistemaGestionBussiness.csproj", "{474EA02A-BDEC-43F4-BB7B-A206F2FD7D5C}"
EndProject
Global
	GlobalSection(SolutionConfigurationPlatforms) = preSolution
		Debug|Any CPU = Debug|Any CPU
		Release|Any CPU = Release|Any CPU
	EndGlobalSection
	GlobalSection(ProjectConfigurationPlatforms) = postSolution
		{DCE81154-FCB0-47C5-9A28-C633BBF463EE}.Debug|Any CPU.ActiveCfg = Debug|Any CPU
		{DCE81154-FCB0-47C5-9A28-C633BBF463EE}.Debug|Any CPU.Build.0 = Debug|Any CPU
		{DCE81154-FCB0-47C5-9A28-C633BBF463EE}.Release|Any CPU.ActiveCfg = Release|Any CPU
		{DCE81154-FCB0-47C5-9A28-C633BBF463EE}.Release|Any CPU.Build.0 = Release|Any CPU
		{818365E1-298D-4EFB-ACDC-B78470E280A8}.Debug|Any CPU.ActiveCfg = Debug|Any CPU
		{818365E1-298D-4EFB-ACDC-B78470E280A8}.Debug|Any CPU.Build.0 = Debug|Any CPU
		{818365E1-298D-4EFB-ACDC-B78470E280A8}.Release|Any CPU.ActiveCfg = Release|Any CPU
		{818365E1-298D-4EFB-ACDC-B78470E280A8}.Release|Any CPU.Build.0 = Release|Any CPU
		{D42CD538-AA3D-46B6-B6B1-3A8B36E72FE4}.Debug|Any CPU.ActiveCfg = Debug|Any CPU
		{D42CD538-AA3D-46B6-B6B1-3A8B36E72FE4}.Debug|Any CPU.Build.0 = Debug|Any CPU
		{D42CD538-AA3D-46B6-B6B1-3A8B36E72FE4}.Release|Any CPU.ActiveCfg = Release|Any CPU
		{D42CD538-AA3D-46B6-B6B1-3A8B36E72FE4}.Release|Any CPU.Build.0 = Release|Any CPU
		{474EA02A-BDEC-43F4-BB7B-A206F2FD7D5C}.Debug|Any CPU.ActiveCfg = Debug|Any CPU
		{474EA02A-BDEC-43F4-BB7B-A206F2FD7D5C}.Debug|Any CPU.Build.0 = Debug|Any CPU
		{474EA02A-BDEC-43F4-BB7B-A206F2FD7D5C}.Release|Any CPU.ActiveCfg = Release|Any CPU
		{474EA02A-BDEC-43F4-BB7B-A206F2FD7D5C}.Release|Any CPU.Build.0 = Release|Any CPU
	EndGlobalSection
	GlobalSection(SolutionProperties) = preSolution
		HideSolutionNode = FALSE
	EndGlobalSection
	GlobalSection(ExtensibilityGlobals) = postSolution
		SolutionGuid = {3E3AC7AE-F009-4EBA-B0F5-10689FE185CE}
	EndGlobalSection
EndGlobal
